
Microsoft Visual Studio Solution File, Format Version 9.00
# Visual C++ Express 2005
Project("{8BC9CEB8-8B4A-11D0-8D11-00A0C91BC942}") = "MedianFilter", "MedianFilter.vcproj", "{476CC21A-9FAD-43FB-9BCD-D780E108A583}"
EndProject
Global
	GlobalSection(SolutionConfigurationPlatforms) = preSolution
		Debug|Win32 = Debug|Win32
		Release|Win32 = Release|Win32
	EndGlobalSection
	GlobalSection(ProjectConfigurationPlatforms) = postSolution
		{476CC21A-9FAD-43FB-9BCD-D780E108A583}.Debug|Win32.ActiveCfg = Debug|Win32
		{476CC21A-9FAD-43FB-9BCD-D780E108A583}.Debug|Win32.Build.0 = Debug|Win32
		{476CC21A-9FAD-43FB-9BCD-D780E108A583}.Release|Win32.ActiveCfg = Release|Win32
		{476CC21A-9FAD-43FB-9BCD-D780E108A583}.Release|Win32.Build.0 = Release|Win32
	EndGlobalSection
	GlobalSection(SolutionProperties) = preSolution
		HideSolutionNode = FALSE
	EndGlobalSection
EndGlobal
